
Microsoft Visual Studio Solution File, Format Version 12.00
# Visual Studio Version 17
VisualStudioVersion = 17.2.32526.322
MinimumVisualStudioVersion = 10.0.40219.1
Project("{9A19103F-16F7-4668-BE54-9A1E7A4F7556}") = "PrenExplorer", "PrenExplorer\PrenExplorer.csproj", "{A28EBAEC-53EB-4DCF-97D5-60F5F297CF0B}"
EndProject
Global
	GlobalSection(SolutionConfigurationPlatforms) = preSolution
		Debug|Any CPU = Debug|Any CPU
		Release|Any CPU = Release|Any CPU
	EndGlobalSection
	GlobalSection(ProjectConfigurationPlatforms) = postSolution
		{A28EBAEC-53EB-4DCF-97D5-60F5F297CF0B}.Debug|Any CPU.ActiveCfg = Debug|Any CPU
		{A28EBAEC-53EB-4DCF-97D5-60F5F297CF0B}.Debug|Any CPU.Build.0 = Debug|Any CPU
		{A28EBAEC-53EB-4DCF-97D5-60F5F297CF0B}.Release|Any CPU.ActiveCfg = Release|Any CPU
		{A28EBAEC-53EB-4DCF-97D5-60F5F297CF0B}.Release|Any CPU.Build.0 = Release|Any CPU
	EndGlobalSection
	GlobalSection(SolutionProperties) = preSolution
		HideSolutionNode = FALSE
	EndGlobalSection
	GlobalSection(ExtensibilityGlobals) = postSolution
		SolutionGuid = {6604429E-B2EB-4859-A07A-1FCAA8FD3180}
	EndGlobalSection
EndGlobal
